
Microsoft Visual Studio Solution File, Format Version 12.00
# Visual Studio Version 17
VisualStudioVersion = 17.4.33205.214
MinimumVisualStudioVersion = 10.0.40219.1
Project("{FAE04EC0-301F-11D3-BF4B-00C04F79EFBC}") = "Decision tree", "Decision tree\Decision tree.csproj", "{772264EE-4713-41B1-B335-0E318E113BDB}"
EndProject
Global
	GlobalSection(SolutionConfigurationPlatforms) = preSolution
		Debug|Any CPU = Debug|Any CPU
		Release|Any CPU = Release|Any CPU
	EndGlobalSection
	GlobalSection(ProjectConfigurationPlatforms) = postSolution
		{772264EE-4713-41B1-B335-0E318E113BDB}.Debug|Any CPU.ActiveCfg = Debug|Any CPU
		{772264EE-4713-41B1-B335-0E318E113BDB}.Debug|Any CPU.Build.0 = Debug|Any CPU
		{772264EE-4713-41B1-B335-0E318E113BDB}.Release|Any CPU.ActiveCfg = Release|Any CPU
		{772264EE-4713-41B1-B335-0E318E113BDB}.Release|Any CPU.Build.0 = Release|Any CPU
	EndGlobalSection
	GlobalSection(SolutionProperties) = preSolution
		HideSolutionNode = FALSE
	EndGlobalSection
	GlobalSection(ExtensibilityGlobals) = postSolution
		SolutionGuid = {B8FD56A5-54A3-4B3E-86BF-B05927B74F5F}
	EndGlobalSection
EndGlobal
